
Microsoft Visual Studio Solution File, Format Version 12.00
# Visual Studio 2012
Project("{FAE04EC0-301F-11D3-BF4B-00C04F79EFBC}") = "TopIconServer", "TopIconServer\TopIconServer.csproj", "{AE15EA86-6264-4B93-8B0D-39080CA3CA26}"
EndProject
Project("{FAE04EC0-301F-11D3-BF4B-00C04F79EFBC}") = "TopIconServer.Tests", "TopIconServer.Tests\TopIconServer.Tests.csproj", "{1056D8B0-EA57-435C-A4EA-1AB62B5C1C69}"
EndProject
Global
	GlobalSection(SolutionConfigurationPlatforms) = preSolution
		Debug|Any CPU = Debug|Any CPU
		Release|Any CPU = Release|Any CPU
	EndGlobalSection
	GlobalSection(ProjectConfigurationPlatforms) = postSolution
		{AE15EA86-6264-4B93-8B0D-39080CA3CA26}.Debug|Any CPU.ActiveCfg = Debug|Any CPU
		{AE15EA86-6264-4B93-8B0D-39080CA3CA26}.Debug|Any CPU.Build.0 = Debug|Any CPU
		{AE15EA86-6264-4B93-8B0D-39080CA3CA26}.Release|Any CPU.ActiveCfg = Release|Any CPU
		{AE15EA86-6264-4B93-8B0D-39080CA3CA26}.Release|Any CPU.Build.0 = Release|Any CPU
		{1056D8B0-EA57-435C-A4EA-1AB62B5C1C69}.Debug|Any CPU.ActiveCfg = Debug|Any CPU
		{1056D8B0-EA57-435C-A4EA-1AB62B5C1C69}.Debug|Any CPU.Build.0 = Debug|Any CPU
		{1056D8B0-EA57-435C-A4EA-1AB62B5C1C69}.Release|Any CPU.ActiveCfg = Release|Any CPU
		{1056D8B0-EA57-435C-A4EA-1AB62B5C1C69}.Release|Any CPU.Build.0 = Release|Any CPU
	EndGlobalSection
	GlobalSection(SolutionProperties) = preSolution
		HideSolutionNode = FALSE
	EndGlobalSection
EndGlobal
